
Microsoft Visual Studio Solution File, Format Version 12.00
# Visual Studio Version 16
VisualStudioVersion = 16.0.31025.194
MinimumVisualStudioVersion = 10.0.40219.1
Project("{FAE04EC0-301F-11D3-BF4B-00C04F79EFBC}") = "SharpenTheSaw", "SharpenTheSaw\SharpenTheSaw.csproj", "{585DE624-083A-48F3-BFB0-D95609E3EA8D}"
EndProject
Global
	GlobalSection(SolutionConfigurationPlatforms) = preSolution
		Debug|Any CPU = Debug|Any CPU
		Release|Any CPU = Release|Any CPU
	EndGlobalSection
	GlobalSection(ProjectConfigurationPlatforms) = postSolution
		{585DE624-083A-48F3-BFB0-D95609E3EA8D}.Debug|Any CPU.ActiveCfg = Debug|Any CPU
		{585DE624-083A-48F3-BFB0-D95609E3EA8D}.Debug|Any CPU.Build.0 = Debug|Any CPU
		{585DE624-083A-48F3-BFB0-D95609E3EA8D}.Release|Any CPU.ActiveCfg = Release|Any CPU
		{585DE624-083A-48F3-BFB0-D95609E3EA8D}.Release|Any CPU.Build.0 = Release|Any CPU
	EndGlobalSection
	GlobalSection(SolutionProperties) = preSolution
		HideSolutionNode = FALSE
	EndGlobalSection
	GlobalSection(ExtensibilityGlobals) = postSolution
		SolutionGuid = {06D67EFB-75A8-445B-A31E-D955B7D3FDE0}
	EndGlobalSection
EndGlobal
